// !$*UTF8*$!
{
	archiveVersion = 1;
	classes = {
	};
	objectVersion = 77;
	objects = {

/* Begin PBXBuildFile section */
		8301CE1F2F3D4F3B0067EDDC /* SQLite in Frameworks */ = {isa = PBXBuildFile; productRef = 8301CE1E2F3D4F3B0067EDDC /* SQLite */; };
		8301CECB2F3D610C0067EDDC /* HabitTrackingViewModel.swift in Sources */ = {isa = PBXBuildFile; fileRef = 8301CEC12F3D610C0067EDDC /* HabitTrackingViewModel.swift */; };
		8301CECC2F3D610C0067EDDC /* Insight.swift in Sources */ = {isa = PBXBuildFile; fileRef = 8301CEAF2F3D610C0067EDDC /* Insight.swift */; };
		8301CECD2F3D610C0067EDDC /* Goal.swift in Sources */ = {isa = PBXBuildFile; fileRef = 8301CEAD2F3D610C0067EDDC /* Goal.swift */; };
		8301CECE2F3D610C0067EDDC /* DatabaseProtocol.swift in Sources */ = {isa = PBXBuildFile; fileRef = 8301CEB42F3D610C0067EDDC /* DatabaseProtocol.swift */; };
		8301CECF2F3D610C0067EDDC /* CorrelationEngine.swift in Sources */ = {isa = PBXBuildFile; fileRef = 8301CEA62F3D610C0067EDDC /* CorrelationEngine.swift */; };
		8301CED02F3D610C0067EDDC /* MenuBarView.swift in Sources */ = {isa = PBXBuildFile; fileRef = 8301CEC82F3D610C0067EDDC /* MenuBarView.swift */; };
		8301CED12F3D610C0067EDDC /* BedrockService.swift in Sources */ = {isa = PBXBuildFile; fileRef = 8301CEB72F3D610C0067EDDC /* BedrockService.swift */; };
		8301CED22F3D610C0067EDDC /* SettingsView.swift in Sources */ = {isa = PBXBuildFile; fileRef = 8301CEC92F3D610C0067EDDC /* SettingsView.swift */; };
		8301CED32F3D610C0067EDDC /* ContextEngine.swift in Sources */ = {isa = PBXBuildFile; fileRef = 8301CEA52F3D610C0067EDDC /* ContextEngine.swift */; };
		8301CED42F3D610C0067EDDC /* UserContext.swift in Sources */ = {isa = PBXBuildFile; fileRef = 8301CEB12F3D610C0067EDDC /* UserContext.swift */; };
		8301CED52F3D610C0067EDDC /* Habit.swift in Sources */ = {isa = PBXBuildFile; fileRef = 8301CEAE2F3D610C0067EDDC /* Habit.swift */; };
		8301CED62F3D610C0067EDDC /* MenuBarViewModel.swift in Sources */ = {isa = PBXBuildFile; fileRef = 8301CEC22F3D610C0067EDDC /* MenuBarViewModel.swift */; };
		8301CED72F3D610C0067EDDC /* HabitTrackingView.swift in Sources */ = {isa = PBXBuildFile; fileRef = 8301CEC72F3D610C0067EDDC /* HabitTrackingView.swift */; };
		8301CED82F3D610C0067EDDC /* ContextDisplayView.swift in Sources */ = {isa = PBXBuildFile; fileRef = 8301CEC42F3D610C0067EDDC /* ContextDisplayView.swift */; };
		8301CED92F3D610C0067EDDC /* ConversationView.swift in Sources */ = {isa = PBXBuildFile; fileRef = 8301CEC52F3D610C0067EDDC /* ConversationView.swift */; };
		8301CEDA2F3D610C0067EDDC /* TestDatabase.swift in Sources */ = {isa = PBXBuildFile; fileRef = 8301CEBD2F3D610C0067EDDC /* TestDatabase.swift */; };
		8301CEDB2F3D610C0067EDDC /* TestInsightEngine.swift in Sources */ = {isa = PBXBuildFile; fileRef = 8301CEBE2F3D610C0067EDDC /* TestInsightEngine.swift */; };
		8301CEDC2F3D610C0067EDDC /* InsightEngine.swift in Sources */ = {isa = PBXBuildFile; fileRef = 8301CEA72F3D610C0067EDDC /* InsightEngine.swift */; };
		8301CEDD2F3D610C0067EDDC /* Correlation.swift in Sources */ = {isa = PBXBuildFile; fileRef = 8301CEA92F3D610C0067EDDC /* Correlation.swift */; };
		8301CEDE2F3D610C0067EDDC /* AgentProtocols.swift in Sources */ = {isa = PBXBuildFile; fileRef = 8301CEB32F3D610C0067EDDC /* AgentProtocols.swift */; };
		8301CEDF2F3D610C0067EDDC /* EngineProtocols.swift in Sources */ = {isa = PBXBuildFile; fileRef = 8301CEB52F3D610C0067EDDC /* EngineProtocols.swift */; };
		8301CEE02F3D610C0067EDDC /* User.swift in Sources */ = {isa = PBXBuildFile; fileRef = 8301CEB02F3D610C0067EDDC /* User.swift */; };
		8301CEE12F3D610C0067EDDC /* GoalListViewModel.swift in Sources */ = {isa = PBXBuildFile; fileRef = 8301CEC02F3D610C0067EDDC /* GoalListViewModel.swift */; };
		8301CEE22F3D610C0067EDDC /* DatabaseService.swift in Sources */ = {isa = PBXBuildFile; fileRef = 8301CEB82F3D610C0067EDDC /* DatabaseService.swift */; };
		8301CEE32F3D610C0067EDDC /* TestCorrelationEngine.swift in Sources */ = {isa = PBXBuildFile; fileRef = 8301CEBC2F3D610C0067EDDC /* TestCorrelationEngine.swift */; };
		8301CEE42F3D610C0067EDDC /* TestBedrockService.swift in Sources */ = {isa = PBXBuildFile; fileRef = 8301CEBB2F3D610C0067EDDC /* TestBedrockService.swift */; };
		8301CEE52F3D610C0067EDDC /* FinancialRecord.swift in Sources */ = {isa = PBXBuildFile; fileRef = 8301CEAC2F3D610C0067EDDC /* FinancialRecord.swift */; };
		8301CEE62F3D610C0067EDDC /* Event.swift in Sources */ = {isa = PBXBuildFile; fileRef = 8301CEAB2F3D610C0067EDDC /* Event.swift */; };
		8301CEE72F3D610C0067EDDC /* PlannerAgent.swift in Sources */ = {isa = PBXBuildFile; fileRef = 8301CEA32F3D610C0067EDDC /* PlannerAgent.swift */; };
		8301CEE82F3D610C0067EDDC /* GoalListView.swift in Sources */ = {isa = PBXBuildFile; fileRef = 8301CEC62F3D610C0067EDDC /* GoalListView.swift */; };
		8301CEE92F3D610C0067EDDC /* EventKitService.swift in Sources */ = {isa = PBXBuildFile; fileRef = 8301CEB92F3D610C0067EDDC /* EventKitService.swift */; };
		8301CEEA2F3D610C0067EDDC /* EmotionRecord.swift in Sources */ = {isa = PBXBuildFile; fileRef = 8301CEAA2F3D610C0067EDDC /* EmotionRecord.swift */; };
/* End PBXBuildFile section */

/* Begin PBXFileReference section */
		8301CE0F2F3D4DC80067EDDC /* NovaLifeWeaver.app */ = {isa = PBXFileReference; explicitFileType = wrapper.application; includeInIndex = 0; path = NovaLifeWeaver.app; sourceTree = BUILT_PRODUCTS_DIR; };
		8301CEA32F3D610C0067EDDC /* PlannerAgent.swift */ = {isa = PBXFileReference; lastKnownFileType = sourcecode.swift; path = PlannerAgent.swift; sourceTree = "<group>"; };
		8301CEA52F3D610C0067EDDC /* ContextEngine.swift */ = {isa = PBXFileReference; lastKnownFileType = sourcecode.swift; path = ContextEngine.swift; sourceTree = "<group>"; };
		8301CEA62F3D610C0067EDDC /* CorrelationEngine.swift */ = {isa = PBXFileReference; lastKnownFileType = sourcecode.swift; path = CorrelationEngine.swift; sourceTree = "<group>"; };
		8301CEA72F3D610C0067EDDC /* InsightEngine.swift */ = {isa = PBXFileReference; lastKnownFileType = sourcecode.swift; path = InsightEngine.swift; sourceTree = "<group>"; };
		8301CEA92F3D610C0067EDDC /* Correlation.swift */ = {isa = PBXFileReference; lastKnownFileType = sourcecode.swift; path = Correlation.swift; sourceTree = "<group>"; };
		8301CEAA2F3D610C0067EDDC /* EmotionRecord.swift */ = {isa = PBXFileReference; lastKnownFileType = sourcecode.swift; path = EmotionRecord.swift; sourceTree = "<group>"; };
		8301CEAB2F3D610C0067EDDC /* Event.swift */ = {isa = PBXFileReference; lastKnownFileType = sourcecode.swift; path = Event.swift; sourceTree = "<group>"; };
		8301CEAC2F3D610C0067EDDC /* FinancialRecord.swift */ = {isa = PBXFileReference; lastKnownFileType = sourcecode.swift; path = FinancialRecord.swift; sourceTree = "<group>"; };
		8301CEAD2F3D610C0067EDDC /* Goal.swift */ = {isa = PBXFileReference; lastKnownFileType = sourcecode.swift; path = Goal.swift; sourceTree = "<group>"; };
		8301CEAE2F3D610C0067EDDC /* Habit.swift */ = {isa = PBXFileReference; lastKnownFileType = sourcecode.swift; path = Habit.swift; sourceTree = "<group>"; };
		8301CEAF2F3D610C0067EDDC /* Insight.swift */ = {isa = PBXFileReference; lastKnownFileType = sourcecode.swift; path = Insight.swift; sourceTree = "<group>"; };
		8301CEB02F3D610C0067EDDC /* User.swift */ = {isa = PBXFileReference; lastKnownFileType = sourcecode.swift; path = User.swift; sourceTree = "<group>"; };
		8301CEB12F3D610C0067EDDC /* UserContext.swift */ = {isa = PBXFileReference; lastKnownFileType = sourcecode.swift; path = UserContext.swift; sourceTree = "<group>"; };
		8301CEB32F3D610C0067EDDC /* AgentProtocols.swift */ = {isa = PBXFileReference; lastKnownFileType = sourcecode.swift; path = AgentProtocols.swift; sourceTree = "<group>"; };
		8301CEB42F3D610C0067EDDC /* DatabaseProtocol.swift */ = {isa = PBXFileReference; lastKnownFileType = sourcecode.swift; path = DatabaseProtocol.swift; sourceTree = "<group>"; };
		8301CEB52F3D610C0067EDDC /* EngineProtocols.swift */ = {isa = PBXFileReference; lastKnownFileType = sourcecode.swift; path = EngineProtocols.swift; sourceTree = "<group>"; };
		8301CEB72F3D610C0067EDDC /* BedrockService.swift */ = {isa = PBXFileReference; lastKnownFileType = sourcecode.swift; path = BedrockService.swift; sourceTree = "<group>"; };
		8301CEB82F3D610C0067EDDC /* DatabaseService.swift */ = {isa = PBXFileReference; lastKnownFileType = sourcecode.swift; path = DatabaseService.swift; sourceTree = "<group>"; };
		8301CEB92F3D610C0067EDDC /* EventKitService.swift */ = {isa = PBXFileReference; lastKnownFileType = sourcecode.swift; path = EventKitService.swift; sourceTree = "<group>"; };
		8301CEBB2F3D610C0067EDDC /* TestBedrockService.swift */ = {isa = PBXFileReference; lastKnownFileType = sourcecode.swift; path = TestBedrockService.swift; sourceTree = "<group>"; };
		8301CEBC2F3D610C0067EDDC /* TestCorrelationEngine.swift */ = {isa = PBXFileReference; lastKnownFileType = sourcecode.swift; path = TestCorrelationEngine.swift; sourceTree = "<group>"; };
		8301CEBD2F3D610C0067EDDC /* TestDatabase.swift */ = {isa = PBXFileReference; lastKnownFileType = sourcecode.swift; path = TestDatabase.swift; sourceTree = "<group>"; };
		8301CEBE2F3D610C0067EDDC /* TestInsightEngine.swift */ = {isa = PBXFileReference; lastKnownFileType = sourcecode.swift; path = TestInsightEngine.swift; sourceTree = "<group>"; };
		8301CEC02F3D610C0067EDDC /* GoalListViewModel.swift */ = {isa = PBXFileReference; lastKnownFileType = sourcecode.swift; path = GoalListViewModel.swift; sourceTree = "<group>"; };
		8301CEC12F3D610C0067EDDC /* HabitTrackingViewModel.swift */ = {isa = PBXFileReference; lastKnownFileType = sourcecode.swift; path = HabitTrackingViewModel.swift; sourceTree = "<group>"; };
		8301CEC22F3D610C0067EDDC /* MenuBarViewModel.swift */ = {isa = PBXFileReference; lastKnownFileType = sourcecode.swift; path = MenuBarViewModel.swift; sourceTree = "<group>"; };
		8301CEC42F3D610C0067EDDC /* ContextDisplayView.swift */ = {isa = PBXFileReference; lastKnownFileType = sourcecode.swift; path = ContextDisplayView.swift; sourceTree = "<group>"; };
		8301CEC52F3D610C0067EDDC /* ConversationView.swift */ = {isa = PBXFileReference; lastKnownFileType = sourcecode.swift; path = ConversationView.swift; sourceTree = "<group>"; };
		8301CEC62F3D610C0067EDDC /* GoalListView.swift */ = {isa = PBXFileReference; lastKnownFileType = sourcecode.swift; path = GoalListView.swift; sourceTree = "<group>"; };
		8301CEC72F3D610C0067EDDC /* HabitTrackingView.swift */ = {isa = PBXFileReference; lastKnownFileType = sourcecode.swift; path = HabitTrackingView.swift; sourceTree = "<group>"; };
		8301CEC82F3D610C0067EDDC /* MenuBarView.swift */ = {isa = PBXFileReference; lastKnownFileType = sourcecode.swift; path = MenuBarView.swift; sourceTree = "<group>"; };
		8301CEC92F3D610C0067EDDC /* SettingsView.swift */ = {isa = PBXFileReference; lastKnownFileType = sourcecode.swift; path = SettingsView.swift; sourceTree = "<group>"; };
/* End PBXFileReference section */

/* Begin PBXFileSystemSynchronizedRootGroup section */
		8301CE112F3D4DC80067EDDC /* NovaLifeWeaver */ = {
			isa = PBXFileSystemSynchronizedRootGroup;
			path = NovaLifeWeaver;
			sourceTree = "<group>";
		};
/* End PBXFileSystemSynchronizedRootGroup section */

/* Begin PBXFrameworksBuildPhase section */
		8301CE0C2F3D4DC80067EDDC /* Frameworks */ = {
			isa = PBXFrameworksBuildPhase;
			buildActionMask = 2147483647;
			files = (
				8301CE1F2F3D4F3B0067EDDC /* SQLite in Frameworks */,
			);
			runOnlyForDeploymentPostprocessing = 0;
		};
/* End PBXFrameworksBuildPhase section */

/* Begin PBXGroup section */
		8301CE062F3D4DC80067EDDC = {
			isa = PBXGroup;
			children = (
				8301CEA42F3D610C0067EDDC /* Agents */,
				8301CEA82F3D610C0067EDDC /* Engines */,
				8301CEB22F3D610C0067EDDC /* Models */,
				8301CEB62F3D610C0067EDDC /* Protocols */,
				8301CEBA2F3D610C0067EDDC /* Services */,
				8301CEBF2F3D610C0067EDDC /* Tests */,
				8301CEC32F3D610C0067EDDC /* ViewModels */,
				8301CECA2F3D610C0067EDDC /* Views */,
				8301CE112F3D4DC80067EDDC /* NovaLifeWeaver */,
				8301CE102F3D4DC80067EDDC /* Products */,
			);
			sourceTree = "<group>";
		};
		8301CE102F3D4DC80067EDDC /* Products */ = {
			isa = PBXGroup;
			children = (
				8301CE0F2F3D4DC80067EDDC /* NovaLifeWeaver.app */,
			);
			name = Products;
			sourceTree = "<group>";
		};
		8301CEA42F3D610C0067EDDC /* Agents */ = {
			isa = PBXGroup;
			children = (
				8301CEA32F3D610C0067EDDC /* PlannerAgent.swift */,
			);
			path = Agents;
			sourceTree = "<group>";
		};
		8301CEA82F3D610C0067EDDC /* Engines */ = {
			isa = PBXGroup;
			children = (
				8301CEA52F3D610C0067EDDC /* ContextEngine.swift */,
				8301CEA62F3D610C0067EDDC /* CorrelationEngine.swift */,
				8301CEA72F3D610C0067EDDC /* InsightEngine.swift */,
			);
			path = Engines;
			sourceTree = "<group>";
		};
		8301CEB22F3D610C0067EDDC /* Models */ = {
			isa = PBXGroup;
			children = (
				8301CEA92F3D610C0067EDDC /* Correlation.swift */,
				8301CEAA2F3D610C0067EDDC /* EmotionRecord.swift */,
				8301CEAB2F3D610C0067EDDC /* Event.swift */,
				8301CEAC2F3D610C0067EDDC /* FinancialRecord.swift */,
				8301CEAD2F3D610C0067EDDC /* Goal.swift */,
				8301CEAE2F3D610C0067EDDC /* Habit.swift */,
				8301CEAF2F3D610C0067EDDC /* Insight.swift */,
				8301CEB02F3D610C0067EDDC /* User.swift */,
				8301CEB12F3D610C0067EDDC /* UserContext.swift */,
			);
			path = Models;
			sourceTree = "<group>";
		};
		8301CEB62F3D610C0067EDDC /* Protocols */ = {
			isa = PBXGroup;
			children = (
				8301CEB32F3D610C0067EDDC /* AgentProtocols.swift */,
				8301CEB42F3D610C0067EDDC /* DatabaseProtocol.swift */,
				8301CEB52F3D610C0067EDDC /* EngineProtocols.swift */,
			);
			path = Protocols;
			sourceTree = "<group>";
		};
		8301CEBA2F3D610C0067EDDC /* Services */ = {
			isa = PBXGroup;
			children = (
				8301CEB72F3D610C0067EDDC /* BedrockService.swift */,
				8301CEB82F3D610C0067EDDC /* DatabaseService.swift */,
				8301CEB92F3D610C0067EDDC /* EventKitService.swift */,
			);
			path = Services;
			sourceTree = "<group>";
		};
		8301CEBF2F3D610C0067EDDC /* Tests */ = {
			isa = PBXGroup;
			children = (
				8301CEBB2F3D610C0067EDDC /* TestBedrockService.swift */,
				8301CEBC2F3D610C0067EDDC /* TestCorrelationEngine.swift */,
				8301CEBD2F3D610C0067EDDC /* TestDatabase.swift */,
				8301CEBE2F3D610C0067EDDC /* TestInsightEngine.swift */,
			);
			path = Tests;
			sourceTree = "<group>";
		};
		8301CEC32F3D610C0067EDDC /* ViewModels */ = {
			isa = PBXGroup;
			children = (
				8301CEC02F3D610C0067EDDC /* GoalListViewModel.swift */,
				8301CEC12F3D610C0067EDDC /* HabitTrackingViewModel.swift */,
				8301CEC22F3D610C0067EDDC /* MenuBarViewModel.swift */,
			);
			path = ViewModels;
			sourceTree = "<group>";
		};
		8301CECA2F3D610C0067EDDC /* Views */ = {
			isa = PBXGroup;
			children = (
				8301CEC42F3D610C0067EDDC /* ContextDisplayView.swift */,
				8301CEC52F3D610C0067EDDC /* ConversationView.swift */,
				8301CEC62F3D610C0067EDDC /* GoalListView.swift */,
				8301CEC72F3D610C0067EDDC /* HabitTrackingView.swift */,
				8301CEC82F3D610C0067EDDC /* MenuBarView.swift */,
				8301CEC92F3D610C0067EDDC /* SettingsView.swift */,
			);
			path = Views;
			sourceTree = "<group>";
		};
/* End PBXGroup section */

/* Begin PBXNativeTarget section */
		8301CE0E2F3D4DC80067EDDC /* NovaLifeWeaver */ = {
			isa = PBXNativeTarget;
			buildConfigurationList = 8301CE1A2F3D4DC90067EDDC /* Build configuration list for PBXNativeTarget "NovaLifeWeaver" */;
			buildPhases = (
				8301CE0B2F3D4DC80067EDDC /* Sources */,
				8301CE0C2F3D4DC80067EDDC /* Frameworks */,
				8301CE0D2F3D4DC80067EDDC /* Resources */,
			);
			buildRules = (
			);
			dependencies = (
			);
			fileSystemSynchronizedGroups = (
				8301CE112F3D4DC80067EDDC /* NovaLifeWeaver */,
			);
			name = NovaLifeWeaver;
			packageProductDependencies = (
				8301CE1E2F3D4F3B0067EDDC /* SQLite */,
			);
			productName = NovaLifeWeaver;
			productReference = 8301CE0F2F3D4DC80067EDDC /* NovaLifeWeaver.app */;
			productType = "com.apple.product-type.application";
		};
/* End PBXNativeTarget section */

/* Begin PBXProject section */
		8301CE072F3D4DC80067EDDC /* Project object */ = {
			isa = PBXProject;
			attributes = {
				BuildIndependentTargetsInParallel = 1;
				LastSwiftUpdateCheck = 2620;
				LastUpgradeCheck = 2620;
				TargetAttributes = {
					8301CE0E2F3D4DC80067EDDC = {
						CreatedOnToolsVersion = 26.2;
					};
				};
			};
			buildConfigurationList = 8301CE0A2F3D4DC80067EDDC /* Build configuration list for PBXProject "NovaLifeWeaver" */;
			developmentRegion = en;
			hasScannedForEncodings = 0;
			knownRegions = (
				en,
				Base,
			);
			mainGroup = 8301CE062F3D4DC80067EDDC;
			minimizedProjectReferenceProxies = 1;
			packageReferences = (
				8301CE1D2F3D4F3B0067EDDC /* XCRemoteSwiftPackageReference "SQLite" */,
			);
			preferredProjectObjectVersion = 77;
			productRefGroup = 8301CE102F3D4DC80067EDDC /* Products */;
			projectDirPath = "";
			projectRoot = "";
			targets = (
				8301CE0E2F3D4DC80067EDDC /* NovaLifeWeaver */,
			);
		};
/* End PBXProject section */

/* Begin PBXResourcesBuildPhase section */
		8301CE0D2F3D4DC80067EDDC /* Resources */ = {
			isa = PBXResourcesBuildPhase;
			buildActionMask = 2147483647;
			files = (
			);
			runOnlyForDeploymentPostprocessing = 0;
		};
/* End PBXResourcesBuildPhase section */

/* Begin PBXSourcesBuildPhase section */
		8301CE0B2F3D4DC80067EDDC /* Sources */ = {
			isa = PBXSourcesBuildPhase;
			buildActionMask = 2147483647;
			files = (
				8301CECB2F3D610C0067EDDC /* HabitTrackingViewModel.swift in Sources */,
				8301CECC2F3D610C0067EDDC /* Insight.swift in Sources */,
				8301CECD2F3D610C0067EDDC /* Goal.swift in Sources */,
				8301CECE2F3D610C0067EDDC /* DatabaseProtocol.swift in Sources */,
				8301CECF2F3D610C0067EDDC /* CorrelationEngine.swift in Sources */,
				8301CED02F3D610C0067EDDC /* MenuBarView.swift in Sources */,
				8301CED12F3D610C0067EDDC /* BedrockService.swift in Sources */,
				8301CED22F3D610C0067EDDC /* SettingsView.swift in Sources */,
				8301CED32F3D610C0067EDDC /* ContextEngine.swift in Sources */,
				8301CED42F3D610C0067EDDC /* UserContext.swift in Sources */,
				8301CED52F3D610C0067EDDC /* Habit.swift in Sources */,
				8301CED62F3D610C0067EDDC /* MenuBarViewModel.swift in Sources */,
				8301CED72F3D610C0067EDDC /* HabitTrackingView.swift in Sources */,
				8301CED82F3D610C0067EDDC /* ContextDisplayView.swift in Sources */,
				8301CED92F3D610C0067EDDC /* ConversationView.swift in Sources */,
				8301CEDA2F3D610C0067EDDC /* TestDatabase.swift in Sources */,
				8301CEDB2F3D610C0067EDDC /* TestInsightEngine.swift in Sources */,
				8301CEDC2F3D610C0067EDDC /* InsightEngine.swift in Sources */,
				8301CEDD2F3D610C0067EDDC /* Correlation.swift in Sources */,
				8301CEDE2F3D610C0067EDDC /* AgentProtocols.swift in Sources */,
				8301CEDF2F3D610C0067EDDC /* EngineProtocols.swift in Sources */,
				8301CEE02F3D610C0067EDDC /* User.swift in Sources */,
				8301CEE12F3D610C0067EDDC /* GoalListViewModel.swift in Sources */,
				8301CEE22F3D610C0067EDDC /* DatabaseService.swift in Sources */,
				8301CEE32F3D610C0067EDDC /* TestCorrelationEngine.swift in Sources */,
				8301CEE42F3D610C0067EDDC /* TestBedrockService.swift in Sources */,
				8301CEE52F3D610C0067EDDC /* FinancialRecord.swift in Sources */,
				8301CEE62F3D610C0067EDDC /* Event.swift in Sources */,
				8301CEE72F3D610C0067EDDC /* PlannerAgent.swift in Sources */,
				8301CEE82F3D610C0067EDDC /* GoalListView.swift in Sources */,
				8301CEE92F3D610C0067EDDC /* EventKitService.swift in Sources */,
				8301CEEA2F3D610C0067EDDC /* EmotionRecord.swift in Sources */,
			);
			runOnlyForDeploymentPostprocessing = 0;
		};
/* End PBXSourcesBuildPhase section */

/* Begin XCBuildConfiguration section */
		8301CE182F3D4DC90067EDDC /* Debug */ = {
			isa = XCBuildConfiguration;
			buildSettings = {
				ALWAYS_SEARCH_USER_PATHS = NO;
				ASSETCATALOG_COMPILER_GENERATE_SWIFT_ASSET_SYMBOL_EXTENSIONS = YES;
				CLANG_ANALYZER_NONNULL = YES;
				CLANG_ANALYZER_NUMBER_OBJECT_CONVERSION = YES_AGGRESSIVE;
				CLANG_CXX_LANGUAGE_STANDARD = "gnu++20";
				CLANG_ENABLE_MODULES = YES;
				CLANG_ENABLE_OBJC_ARC = YES;
				CLANG_ENABLE_OBJC_WEAK = YES;
				CLANG_WARN_BLOCK_CAPTURE_AUTORELEASING = YES;
				CLANG_WARN_BOOL_CONVERSION = YES;
				CLANG_WARN_COMMA = YES;
				CLANG_WARN_CONSTANT_CONVERSION = YES;
				CLANG_WARN_DEPRECATED_OBJC_IMPLEMENTATIONS = YES;
				CLANG_WARN_DIRECT_OBJC_ISA_USAGE = YES_ERROR;
				CLANG_WARN_DOCUMENTATION_COMMENTS = YES;
				CLANG_WARN_EMPTY_BODY = YES;
				CLANG_WARN_ENUM_CONVERSION = YES;
				CLANG_WARN_INFINITE_RECURSION = YES;
				CLANG_WARN_INT_CONVERSION = YES;
				CLANG_WARN_NON_LITERAL_NULL_CONVERSION = YES;
				CLANG_WARN_OBJC_IMPLICIT_RETAIN_SELF = YES;
				CLANG_WARN_OBJC_LITERAL_CONVERSION = YES;
				CLANG_WARN_OBJC_ROOT_CLASS = YES_ERROR;
				CLANG_WARN_QUOTED_INCLUDE_IN_FRAMEWORK_HEADER = YES;
				CLANG_WARN_RANGE_LOOP_ANALYSIS = YES;
				CLANG_WARN_STRICT_PROTOTYPES = YES;
				CLANG_WARN_SUSPICIOUS_MOVE = YES;
				CLANG_WARN_UNGUARDED_AVAILABILITY = YES_AGGRESSIVE;
				CLANG_WARN_UNREACHABLE_CODE = YES;
				CLANG_WARN__DUPLICATE_METHOD_MATCH = YES;
				COPY_PHASE_STRIP = NO;
				DEBUG_INFORMATION_FORMAT = dwarf;
				DEVELOPMENT_TEAM = 3FE3289N6X;
				ENABLE_STRICT_OBJC_MSGSEND = YES;
				ENABLE_TESTABILITY = YES;
				ENABLE_USER_SCRIPT_SANDBOXING = YES;
				GCC_C_LANGUAGE_STANDARD = gnu17;
				GCC_DYNAMIC_NO_PIC = NO;
				GCC_NO_COMMON_BLOCKS = YES;
				GCC_OPTIMIZATION_LEVEL = 0;
				GCC_PREPROCESSOR_DEFINITIONS = (
					"DEBUG=1",
					"$(inherited)",
				);
				GCC_WARN_64_TO_32_BIT_CONVERSION = YES;
				GCC_WARN_ABOUT_RETURN_TYPE = YES_ERROR;
				GCC_WARN_UNDECLARED_SELECTOR = YES;
				GCC_WARN_UNINITIALIZED_AUTOS = YES_AGGRESSIVE;
				GCC_WARN_UNUSED_FUNCTION = YES;
				GCC_WARN_UNUSED_VARIABLE = YES;
				LOCALIZATION_PREFERS_STRING_CATALOGS = YES;
				MACOSX_DEPLOYMENT_TARGET = 26.2;
				MTL_ENABLE_DEBUG_INFO = INCLUDE_SOURCE;
				MTL_FAST_MATH = YES;
				ONLY_ACTIVE_ARCH = YES;
				SDKROOT = macosx;
				SWIFT_ACTIVE_COMPILATION_CONDITIONS = "DEBUG $(inherited)";
				SWIFT_OPTIMIZATION_LEVEL = "-Onone";
			};
			name = Debug;
		};
		8301CE192F3D4DC90067EDDC /* Release */ = {
			isa = XCBuildConfiguration;
			buildSettings = {
				ALWAYS_SEARCH_USER_PATHS = NO;
				ASSETCATALOG_COMPILER_GENERATE_SWIFT_ASSET_SYMBOL_EXTENSIONS = YES;
				CLANG_ANALYZER_NONNULL = YES;
				CLANG_ANALYZER_NUMBER_OBJECT_CONVERSION = YES_AGGRESSIVE;
				CLANG_CXX_LANGUAGE_STANDARD = "gnu++20";
				CLANG_ENABLE_MODULES = YES;
				CLANG_ENABLE_OBJC_ARC = YES;
				CLANG_ENABLE_OBJC_WEAK = YES;
				CLANG_WARN_BLOCK_CAPTURE_AUTORELEASING = YES;
				CLANG_WARN_BOOL_CONVERSION = YES;
				CLANG_WARN_COMMA = YES;
				CLANG_WARN_CONSTANT_CONVERSION = YES;
				CLANG_WARN_DEPRECATED_OBJC_IMPLEMENTATIONS = YES;
				CLANG_WARN_DIRECT_OBJC_ISA_USAGE = YES_ERROR;
				CLANG_WARN_DOCUMENTATION_COMMENTS = YES;
				CLANG_WARN_EMPTY_BODY = YES;
				CLANG_WARN_ENUM_CONVERSION = YES;
				CLANG_WARN_INFINITE_RECURSION = YES;
				CLANG_WARN_INT_CONVERSION = YES;
				CLANG_WARN_NON_LITERAL_NULL_CONVERSION = YES;
				CLANG_WARN_OBJC_IMPLICIT_RETAIN_SELF = YES;
				CLANG_WARN_OBJC_LITERAL_CONVERSION = YES;
				CLANG_WARN_OBJC_ROOT_CLASS = YES_ERROR;
				CLANG_WARN_QUOTED_INCLUDE_IN_FRAMEWORK_HEADER = YES;
				CLANG_WARN_RANGE_LOOP_ANALYSIS = YES;
				CLANG_WARN_STRICT_PROTOTYPES = YES;
				CLANG_WARN_SUSPICIOUS_MOVE = YES;
				CLANG_WARN_UNGUARDED_AVAILABILITY = YES_AGGRESSIVE;
				CLANG_WARN_UNREACHABLE_CODE = YES;
				CLANG_WARN__DUPLICATE_METHOD_MATCH = YES;
				COPY_PHASE_STRIP = NO;
				DEBUG_INFORMATION_FORMAT = "dwarf-with-dsym";
				DEVELOPMENT_TEAM = 3FE3289N6X;
				ENABLE_NS_ASSERTIONS = NO;
				ENABLE_STRICT_OBJC_MSGSEND = YES;
				ENABLE_USER_SCRIPT_SANDBOXING = YES;
				GCC_C_LANGUAGE_STANDARD = gnu17;
				GCC_NO_COMMON_BLOCKS = YES;
				GCC_WARN_64_TO_32_BIT_CONVERSION = YES;
				GCC_WARN_ABOUT_RETURN_TYPE = YES_ERROR;
				GCC_WARN_UNDECLARED_SELECTOR = YES;
				GCC_WARN_UNINITIALIZED_AUTOS = YES_AGGRESSIVE;
				GCC_WARN_UNUSED_FUNCTION = YES;
				GCC_WARN_UNUSED_VARIABLE = YES;
				LOCALIZATION_PREFERS_STRING_CATALOGS = YES;
				MACOSX_DEPLOYMENT_TARGET = 26.2;
				MTL_ENABLE_DEBUG_INFO = NO;
				MTL_FAST_MATH = YES;
				SDKROOT = macosx;
				SWIFT_COMPILATION_MODE = wholemodule;
			};
			name = Release;
		};
		8301CE1B2F3D4DC90067EDDC /* Debug */ = {
			isa = XCBuildConfiguration;
			buildSettings = {
				ASSETCATALOG_COMPILER_APPICON_NAME = AppIcon;
				ASSETCATALOG_COMPILER_GLOBAL_ACCENT_COLOR_NAME = AccentColor;
				CODE_SIGN_STYLE = Automatic;
				COMBINE_HIDPI_IMAGES = YES;
				CURRENT_PROJECT_VERSION = 1;
				DEVELOPMENT_TEAM = 3FE3289N6X;
				ENABLE_APP_SANDBOX = YES;
				ENABLE_HARDENED_RUNTIME = YES;
				ENABLE_PREVIEWS = YES;
				ENABLE_USER_SELECTED_FILES = readonly;
				GENERATE_INFOPLIST_FILE = YES;
				INFOPLIST_KEY_NSHumanReadableCopyright = "";
				LD_RUNPATH_SEARCH_PATHS = (
					"$(inherited)",
					"@executable_path/../Frameworks",
				);
				MARKETING_VERSION = 1.0;
				PRODUCT_BUNDLE_IDENTIFIER = "Li-Hongmin.NovaLifeWeaver";
				PRODUCT_NAME = "$(TARGET_NAME)";
				REGISTER_APP_GROUPS = YES;
				STRING_CATALOG_GENERATE_SYMBOLS = YES;
				SWIFT_APPROACHABLE_CONCURRENCY = YES;
				SWIFT_DEFAULT_ACTOR_ISOLATION = MainActor;
				SWIFT_EMIT_LOC_STRINGS = YES;
				SWIFT_UPCOMING_FEATURE_MEMBER_IMPORT_VISIBILITY = YES;
				SWIFT_VERSION = 5.0;
			};
			name = Debug;
		};
		8301CE1C2F3D4DC90067EDDC /* Release */ = {
			isa = XCBuildConfiguration;
			buildSettings = {
				ASSETCATALOG_COMPILER_APPICON_NAME = AppIcon;
				ASSETCATALOG_COMPILER_GLOBAL_ACCENT_COLOR_NAME = AccentColor;
				CODE_SIGN_STYLE = Automatic;
				COMBINE_HIDPI_IMAGES = YES;
				CURRENT_PROJECT_VERSION = 1;
				DEVELOPMENT_TEAM = 3FE3289N6X;
				ENABLE_APP_SANDBOX = YES;
				ENABLE_HARDENED_RUNTIME = YES;
				ENABLE_PREVIEWS = YES;
				ENABLE_USER_SELECTED_FILES = readonly;
				GENERATE_INFOPLIST_FILE = YES;
				INFOPLIST_KEY_NSHumanReadableCopyright = "";
				LD_RUNPATH_SEARCH_PATHS = (
					"$(inherited)",
					"@executable_path/../Frameworks",
				);
				MARKETING_VERSION = 1.0;
				PRODUCT_BUNDLE_IDENTIFIER = "Li-Hongmin.NovaLifeWeaver";
				PRODUCT_NAME = "$(TARGET_NAME)";
				REGISTER_APP_GROUPS = YES;
				STRING_CATALOG_GENERATE_SYMBOLS = YES;
				SWIFT_APPROACHABLE_CONCURRENCY = YES;
				SWIFT_DEFAULT_ACTOR_ISOLATION = MainActor;
				SWIFT_EMIT_LOC_STRINGS = YES;
				SWIFT_UPCOMING_FEATURE_MEMBER_IMPORT_VISIBILITY = YES;
				SWIFT_VERSION = 5.0;
			};
			name = Release;
		};
/* End XCBuildConfiguration section */

/* Begin XCConfigurationList section */
		8301CE0A2F3D4DC80067EDDC /* Build configuration list for PBXProject "NovaLifeWeaver" */ = {
			isa = XCConfigurationList;
			buildConfigurations = (
				8301CE182F3D4DC90067EDDC /* Debug */,
				8301CE192F3D4DC90067EDDC /* Release */,
			);
			defaultConfigurationIsVisible = 0;
			defaultConfigurationName = Release;
		};
		8301CE1A2F3D4DC90067EDDC /* Build configuration list for PBXNativeTarget "NovaLifeWeaver" */ = {
			isa = XCConfigurationList;
			buildConfigurations = (
				8301CE1B2F3D4DC90067EDDC /* Debug */,
				8301CE1C2F3D4DC90067EDDC /* Release */,
			);
			defaultConfigurationIsVisible = 0;
			defaultConfigurationName = Release;
		};
/* End XCConfigurationList section */

/* Begin XCRemoteSwiftPackageReference section */
		8301CE1D2F3D4F3B0067EDDC /* XCRemoteSwiftPackageReference "SQLite" */ = {
			isa = XCRemoteSwiftPackageReference;
			repositoryURL = "https://github.com/stephencelis/SQLite.swift";
			requirement = {
				kind = upToNextMajorVersion;
				minimumVersion = 0.15.5;
			};
		};
/* End XCRemoteSwiftPackageReference section */

/* Begin XCSwiftPackageProductDependency section */
		8301CE1E2F3D4F3B0067EDDC /* SQLite */ = {
			isa = XCSwiftPackageProductDependency;
			package = 8301CE1D2F3D4F3B0067EDDC /* XCRemoteSwiftPackageReference "SQLite" */;
			productName = SQLite;
		};
/* End XCSwiftPackageProductDependency section */
	};
	rootObject = 8301CE072F3D4DC80067EDDC /* Project object */;
}
