// !$*UTF8*$!
{
	archiveVersion = 1;
	classes = {
	};
	objectVersion = 77;
	objects = {

/* Begin PBXBuildFile section */
		0DDFB0E6DD1E0B86CD53948D /* EmotionRecord.swift in Sources */ = {isa = PBXBuildFile; fileRef = 61F2F201FA2ED8BD4AFE9C93 /* EmotionRecord.swift */; };
		0E8936448AB072F1890B3233 /* GoalListView.swift in Sources */ = {isa = PBXBuildFile; fileRef = 83EB9841EB89EB476847957E /* GoalListView.swift */; };
		12E37C2CC9A9C92A2D517294 /* AppDelegate.swift in Sources */ = {isa = PBXBuildFile; fileRef = 17E82BEE90B4415025C49D89 /* AppDelegate.swift */; };
		1CF5D6117546682C831072A8 /* ConversationView.swift in Sources */ = {isa = PBXBuildFile; fileRef = EE297DDEED701769D1273685 /* ConversationView.swift */; };
		1F6655F318031AAC12D8CBCC /* MenuBarView.swift in Sources */ = {isa = PBXBuildFile; fileRef = 98DFE342A7A3C5D61BE70281 /* MenuBarView.swift */; };
		2031F61A18A0E6D41C75F9C8 /* MenuBarViewModel.swift in Sources */ = {isa = PBXBuildFile; fileRef = 043B9ABF638B8FCD9207C890 /* MenuBarViewModel.swift */; };
		2056058F064F34A63B23D415 /* Insight.swift in Sources */ = {isa = PBXBuildFile; fileRef = AC203CFA4DCDBC69821C0F7E /* Insight.swift */; };
		2780D8968913B4E5AD7FBD43 /* AppDelegate.swift in Sources */ = {isa = PBXBuildFile; fileRef = BE0EA5AC8210E6C479A49D7C /* AppDelegate.swift */; };
		397A1D95C9157E4BA0888398 /* MenuBarManager.swift in Sources */ = {isa = PBXBuildFile; fileRef = D9A2CBE1D93DE7A525A31A98 /* MenuBarManager.swift */; };
		54F5A39F2063ACEC98984AD3 /* UIProtocols.swift in Sources */ = {isa = PBXBuildFile; fileRef = 3DCE20475A1949E837F173ED /* UIProtocols.swift */; };
		628DA6E460311C564D51A754 /* Goal.swift in Sources */ = {isa = PBXBuildFile; fileRef = 60A71287CC08FD5D97CF97E4 /* Goal.swift */; };
		70173D67597CA4DBC46EBC43 /* HabitTrackingViewModel.swift in Sources */ = {isa = PBXBuildFile; fileRef = 612347B49AFBE6417388101E /* HabitTrackingViewModel.swift */; };
		711A88083A458CF7E70A0509 /* CorrelationEngine.swift in Sources */ = {isa = PBXBuildFile; fileRef = 3478674755437229FA12A143 /* CorrelationEngine.swift */; };
		71E1CF0D8EA97D35572AC366 /* AppState.swift in Sources */ = {isa = PBXBuildFile; fileRef = 372DE18D82702540074E3A53 /* AppState.swift */; };
		7809D4048C99B0BECBE6111E /* InsightEngine.swift in Sources */ = {isa = PBXBuildFile; fileRef = 414B0ABF006DA2A6C8E704AE /* InsightEngine.swift */; };
		80435CEABEDC5FD12221F5B5 /* SettingsView.swift in Sources */ = {isa = PBXBuildFile; fileRef = 5B6A7C897D5535218C402E96 /* SettingsView.swift */; };
		813A931E9E15A9B2B3E32855 /* Event.swift in Sources */ = {isa = PBXBuildFile; fileRef = 24CDE557441D42012805D9AD /* Event.swift */; };
		8301CE1F2F3D4F3B0067EDDC /* SQLite in Frameworks */ = {isa = PBXBuildFile; productRef = 8301CE1E2F3D4F3B0067EDDC /* SQLite */; };
		8301CECB2F3D610C0067EDDC /* HabitTrackingViewModel.swift in Sources */ = {isa = PBXBuildFile; fileRef = 8301CEC12F3D610C0067EDDC /* HabitTrackingViewModel.swift */; };
		8301CECC2F3D610C0067EDDC /* Insight.swift in Sources */ = {isa = PBXBuildFile; fileRef = 8301CEAF2F3D610C0067EDDC /* Insight.swift */; };
		8301CECD2F3D610C0067EDDC /* Goal.swift in Sources */ = {isa = PBXBuildFile; fileRef = 8301CEAD2F3D610C0067EDDC /* Goal.swift */; };
		8301CECE2F3D610C0067EDDC /* DatabaseProtocol.swift in Sources */ = {isa = PBXBuildFile; fileRef = 8301CEB42F3D610C0067EDDC /* DatabaseProtocol.swift */; };
		8301CECF2F3D610C0067EDDC /* CorrelationEngine.swift in Sources */ = {isa = PBXBuildFile; fileRef = 8301CEA62F3D610C0067EDDC /* CorrelationEngine.swift */; };
		8301CED02F3D610C0067EDDC /* MenuBarView.swift in Sources */ = {isa = PBXBuildFile; fileRef = 8301CEC82F3D610C0067EDDC /* MenuBarView.swift */; };
		8301CED12F3D610C0067EDDC /* BedrockService.swift in Sources */ = {isa = PBXBuildFile; fileRef = 8301CEB72F3D610C0067EDDC /* BedrockService.swift */; };
		8301CED22F3D610C0067EDDC /* SettingsView.swift in Sources */ = {isa = PBXBuildFile; fileRef = 8301CEC92F3D610C0067EDDC /* SettingsView.swift */; };
		8301CED32F3D610C0067EDDC /* ContextEngine.swift in Sources */ = {isa = PBXBuildFile; fileRef = 8301CEA52F3D610C0067EDDC /* ContextEngine.swift */; };
		8301CED42F3D610C0067EDDC /* UserContext.swift in Sources */ = {isa = PBXBuildFile; fileRef = 8301CEB12F3D610C0067EDDC /* UserContext.swift */; };
		8301CED52F3D610C0067EDDC /* Habit.swift in Sources */ = {isa = PBXBuildFile; fileRef = 8301CEAE2F3D610C0067EDDC /* Habit.swift */; };
		8301CED62F3D610C0067EDDC /* MenuBarViewModel.swift in Sources */ = {isa = PBXBuildFile; fileRef = 8301CEC22F3D610C0067EDDC /* MenuBarViewModel.swift */; };
		8301CED72F3D610C0067EDDC /* HabitTrackingView.swift in Sources */ = {isa = PBXBuildFile; fileRef = 8301CEC72F3D610C0067EDDC /* HabitTrackingView.swift */; };
		8301CED82F3D610C0067EDDC /* ContextDisplayView.swift in Sources */ = {isa = PBXBuildFile; fileRef = 8301CEC42F3D610C0067EDDC /* ContextDisplayView.swift */; };
		8301CED92F3D610C0067EDDC /* ConversationView.swift in Sources */ = {isa = PBXBuildFile; fileRef = 8301CEC52F3D610C0067EDDC /* ConversationView.swift */; };
		8301CEDA2F3D610C0067EDDC /* TestDatabase.swift in Sources */ = {isa = PBXBuildFile; fileRef = 8301CEBD2F3D610C0067EDDC /* TestDatabase.swift */; };
		8301CEDB2F3D610C0067EDDC /* TestInsightEngine.swift in Sources */ = {isa = PBXBuildFile; fileRef = 8301CEBE2F3D610C0067EDDC /* TestInsightEngine.swift */; };
		8301CEDC2F3D610C0067EDDC /* InsightEngine.swift in Sources */ = {isa = PBXBuildFile; fileRef = 8301CEA72F3D610C0067EDDC /* InsightEngine.swift */; };
		8301CEDD2F3D610C0067EDDC /* Correlation.swift in Sources */ = {isa = PBXBuildFile; fileRef = 8301CEA92F3D610C0067EDDC /* Correlation.swift */; };
		8301CEDE2F3D610C0067EDDC /* AgentProtocols.swift in Sources */ = {isa = PBXBuildFile; fileRef = 8301CEB32F3D610C0067EDDC /* AgentProtocols.swift */; };
		8301CEDF2F3D610C0067EDDC /* EngineProtocols.swift in Sources */ = {isa = PBXBuildFile; fileRef = 8301CEB52F3D610C0067EDDC /* EngineProtocols.swift */; };
		8301CEE02F3D610C0067EDDC /* User.swift in Sources */ = {isa = PBXBuildFile; fileRef = 8301CEB02F3D610C0067EDDC /* User.swift */; };
		8301CEE12F3D610C0067EDDC /* GoalListViewModel.swift in Sources */ = {isa = PBXBuildFile; fileRef = 8301CEC02F3D610C0067EDDC /* GoalListViewModel.swift */; };
		8301CEE22F3D610C0067EDDC /* DatabaseService.swift in Sources */ = {isa = PBXBuildFile; fileRef = 8301CEB82F3D610C0067EDDC /* DatabaseService.swift */; };
		8301CEE32F3D610C0067EDDC /* TestCorrelationEngine.swift in Sources */ = {isa = PBXBuildFile; fileRef = 8301CEBC2F3D610C0067EDDC /* TestCorrelationEngine.swift */; };
		8301CEE42F3D610C0067EDDC /* TestBedrockService.swift in Sources */ = {isa = PBXBuildFile; fileRef = 8301CEBB2F3D610C0067EDDC /* TestBedrockService.swift */; };
		8301CEE52F3D610C0067EDDC /* FinancialRecord.swift in Sources */ = {isa = PBXBuildFile; fileRef = 8301CEAC2F3D610C0067EDDC /* FinancialRecord.swift */; };
		8301CEE62F3D610C0067EDDC /* Event.swift in Sources */ = {isa = PBXBuildFile; fileRef = 8301CEAB2F3D610C0067EDDC /* Event.swift */; };
		8301CEE72F3D610C0067EDDC /* PlannerAgent.swift in Sources */ = {isa = PBXBuildFile; fileRef = 8301CEA32F3D610C0067EDDC /* PlannerAgent.swift */; };
		8301CEE82F3D610C0067EDDC /* GoalListView.swift in Sources */ = {isa = PBXBuildFile; fileRef = 8301CEC62F3D610C0067EDDC /* GoalListView.swift */; };
		8301CEE92F3D610C0067EDDC /* EventKitService.swift in Sources */ = {isa = PBXBuildFile; fileRef = 8301CEB92F3D610C0067EDDC /* EventKitService.swift */; };
		8301CEEA2F3D610C0067EDDC /* EmotionRecord.swift in Sources */ = {isa = PBXBuildFile; fileRef = 8301CEAA2F3D610C0067EDDC /* EmotionRecord.swift */; };
		85B5FCA6B4F07737A736CE21 /* AgentProtocols.swift in Sources */ = {isa = PBXBuildFile; fileRef = 776F47A93C3CD5563796D50F /* AgentProtocols.swift */; };
		87DE7F53A7576418751A900A /* AppState.swift in Sources */ = {isa = PBXBuildFile; fileRef = 8C6EA8F586FFAB9F454CF3AE /* AppState.swift */; };
		916F477DB4D83B4A0E6CADCF /* EngineProtocols.swift in Sources */ = {isa = PBXBuildFile; fileRef = 4278EDBD68EAD4C97E28651E /* EngineProtocols.swift */; };
		9A0849878DAAE4D5105645F8 /* ContextDisplayView.swift in Sources */ = {isa = PBXBuildFile; fileRef = FB688FCCC96554D2066C628D /* ContextDisplayView.swift */; };
		A381DA79D896F3176437739A /* Habit.swift in Sources */ = {isa = PBXBuildFile; fileRef = 0166E4A083076A597BDEB457 /* Habit.swift */; };
		A41B7C0A9C6022DBBB47D184 /* PlannerAgent.swift in Sources */ = {isa = PBXBuildFile; fileRef = ED72D6E987F71806A04CEED4 /* PlannerAgent.swift */; };
		A68DF79B212E54B1CC2BC4DA /* HabitTrackingView.swift in Sources */ = {isa = PBXBuildFile; fileRef = A56D80F83AB6541F1C2FE119 /* HabitTrackingView.swift */; };
		B0572651E4422B02B6DF9F04 /* FinancialRecord.swift in Sources */ = {isa = PBXBuildFile; fileRef = DFECA6E7F6AB4B0EB02FBA1B /* FinancialRecord.swift */; };
		C4930FE53A3495C7012084B0 /* GoalListViewModel.swift in Sources */ = {isa = PBXBuildFile; fileRef = 9FD701DA8E12EFB34400418F /* GoalListViewModel.swift */; };
		C99F49455A4B8EB37F5ECF84 /* DatabaseProtocol.swift in Sources */ = {isa = PBXBuildFile; fileRef = 71F302A8FD680DE4D2880252 /* DatabaseProtocol.swift */; };
		D0113F3B012366545C9A0CE2 /* MenuBarManager.swift in Sources */ = {isa = PBXBuildFile; fileRef = D632724F563AF77C9B02E781 /* MenuBarManager.swift */; };
		D1BF8DA1B408E6E3A0878FE5 /* User.swift in Sources */ = {isa = PBXBuildFile; fileRef = E1E77DDC6AD9071078EA766C /* User.swift */; };
		E75B7D87DBBD5FD51EAE369C /* Correlation.swift in Sources */ = {isa = PBXBuildFile; fileRef = 53DBD953A5C4A845BDAAE238 /* Correlation.swift */; };
		E8659CDB14A271D1327988EE /* ContextEngine.swift in Sources */ = {isa = PBXBuildFile; fileRef = A6EE5D57965CBFE7D519CEE8 /* ContextEngine.swift */; };
		F40B7FB0678D5BD2F19DCC1A /* UserContext.swift in Sources */ = {isa = PBXBuildFile; fileRef = 39CA48B6556A585253C29910 /* UserContext.swift */; };
/* End PBXBuildFile section */

/* Begin PBXFileReference section */
		0166E4A083076A597BDEB457 /* Habit.swift */ = {isa = PBXFileReference; includeInIndex = 1; lastKnownFileType = sourcecode.swift; path = Habit.swift; sourceTree = "<group>"; };
		043B9ABF638B8FCD9207C890 /* MenuBarViewModel.swift */ = {isa = PBXFileReference; includeInIndex = 1; lastKnownFileType = sourcecode.swift; path = MenuBarViewModel.swift; sourceTree = "<group>"; };
		17E82BEE90B4415025C49D89 /* AppDelegate.swift */ = {isa = PBXFileReference; includeInIndex = 1; lastKnownFileType = sourcecode.swift; name = AppDelegate.swift; path = App/AppDelegate.swift; sourceTree = "<group>"; };
		24CDE557441D42012805D9AD /* Event.swift */ = {isa = PBXFileReference; includeInIndex = 1; lastKnownFileType = sourcecode.swift; path = Event.swift; sourceTree = "<group>"; };
		3478674755437229FA12A143 /* CorrelationEngine.swift */ = {isa = PBXFileReference; includeInIndex = 1; lastKnownFileType = sourcecode.swift; path = CorrelationEngine.swift; sourceTree = "<group>"; };
		372DE18D82702540074E3A53 /* AppState.swift */ = {isa = PBXFileReference; includeInIndex = 1; lastKnownFileType = sourcecode.swift; name = AppState.swift; path = App/AppState.swift; sourceTree = "<group>"; };
		39CA48B6556A585253C29910 /* UserContext.swift */ = {isa = PBXFileReference; includeInIndex = 1; lastKnownFileType = sourcecode.swift; path = UserContext.swift; sourceTree = "<group>"; };
		3DCE20475A1949E837F173ED /* UIProtocols.swift */ = {isa = PBXFileReference; includeInIndex = 1; lastKnownFileType = sourcecode.swift; path = UIProtocols.swift; sourceTree = "<group>"; };
		414B0ABF006DA2A6C8E704AE /* InsightEngine.swift */ = {isa = PBXFileReference; includeInIndex = 1; lastKnownFileType = sourcecode.swift; path = InsightEngine.swift; sourceTree = "<group>"; };
		4278EDBD68EAD4C97E28651E /* EngineProtocols.swift */ = {isa = PBXFileReference; includeInIndex = 1; lastKnownFileType = sourcecode.swift; path = EngineProtocols.swift; sourceTree = "<group>"; };
		53DBD953A5C4A845BDAAE238 /* Correlation.swift */ = {isa = PBXFileReference; includeInIndex = 1; lastKnownFileType = sourcecode.swift; path = Correlation.swift; sourceTree = "<group>"; };
		5B6A7C897D5535218C402E96 /* SettingsView.swift */ = {isa = PBXFileReference; includeInIndex = 1; lastKnownFileType = sourcecode.swift; path = SettingsView.swift; sourceTree = "<group>"; };
		60A71287CC08FD5D97CF97E4 /* Goal.swift */ = {isa = PBXFileReference; includeInIndex = 1; lastKnownFileType = sourcecode.swift; path = Goal.swift; sourceTree = "<group>"; };
		612347B49AFBE6417388101E /* HabitTrackingViewModel.swift */ = {isa = PBXFileReference; includeInIndex = 1; lastKnownFileType = sourcecode.swift; path = HabitTrackingViewModel.swift; sourceTree = "<group>"; };
		61F2F201FA2ED8BD4AFE9C93 /* EmotionRecord.swift */ = {isa = PBXFileReference; includeInIndex = 1; lastKnownFileType = sourcecode.swift; path = EmotionRecord.swift; sourceTree = "<group>"; };
		71F302A8FD680DE4D2880252 /* DatabaseProtocol.swift */ = {isa = PBXFileReference; includeInIndex = 1; lastKnownFileType = sourcecode.swift; path = DatabaseProtocol.swift; sourceTree = "<group>"; };
		776F47A93C3CD5563796D50F /* AgentProtocols.swift */ = {isa = PBXFileReference; includeInIndex = 1; lastKnownFileType = sourcecode.swift; path = AgentProtocols.swift; sourceTree = "<group>"; };
		8301CE0F2F3D4DC80067EDDC /* NovaLifeWeaver.app */ = {isa = PBXFileReference; explicitFileType = wrapper.application; includeInIndex = 0; path = NovaLifeWeaver.app; sourceTree = BUILT_PRODUCTS_DIR; };
		8301CEA32F3D610C0067EDDC /* PlannerAgent.swift */ = {isa = PBXFileReference; lastKnownFileType = sourcecode.swift; path = PlannerAgent.swift; sourceTree = "<group>"; };
		8301CEA52F3D610C0067EDDC /* ContextEngine.swift */ = {isa = PBXFileReference; lastKnownFileType = sourcecode.swift; path = ContextEngine.swift; sourceTree = "<group>"; };
		8301CEA62F3D610C0067EDDC /* CorrelationEngine.swift */ = {isa = PBXFileReference; lastKnownFileType = sourcecode.swift; path = CorrelationEngine.swift; sourceTree = "<group>"; };
		8301CEA72F3D610C0067EDDC /* InsightEngine.swift */ = {isa = PBXFileReference; lastKnownFileType = sourcecode.swift; path = InsightEngine.swift; sourceTree = "<group>"; };
		8301CEA92F3D610C0067EDDC /* Correlation.swift */ = {isa = PBXFileReference; lastKnownFileType = sourcecode.swift; path = Correlation.swift; sourceTree = "<group>"; };
		8301CEAA2F3D610C0067EDDC /* EmotionRecord.swift */ = {isa = PBXFileReference; lastKnownFileType = sourcecode.swift; path = EmotionRecord.swift; sourceTree = "<group>"; };
		8301CEAB2F3D610C0067EDDC /* Event.swift */ = {isa = PBXFileReference; lastKnownFileType = sourcecode.swift; path = Event.swift; sourceTree = "<group>"; };
		8301CEAC2F3D610C0067EDDC /* FinancialRecord.swift */ = {isa = PBXFileReference; lastKnownFileType = sourcecode.swift; path = FinancialRecord.swift; sourceTree = "<group>"; };
		8301CEAD2F3D610C0067EDDC /* Goal.swift */ = {isa = PBXFileReference; lastKnownFileType = sourcecode.swift; path = Goal.swift; sourceTree = "<group>"; };
		8301CEAE2F3D610C0067EDDC /* Habit.swift */ = {isa = PBXFileReference; lastKnownFileType = sourcecode.swift; path = Habit.swift; sourceTree = "<group>"; };
		8301CEAF2F3D610C0067EDDC /* Insight.swift */ = {isa = PBXFileReference; lastKnownFileType = sourcecode.swift; path = Insight.swift; sourceTree = "<group>"; };
		8301CEB02F3D610C0067EDDC /* User.swift */ = {isa = PBXFileReference; lastKnownFileType = sourcecode.swift; path = User.swift; sourceTree = "<group>"; };
		8301CEB12F3D610C0067EDDC /* UserContext.swift */ = {isa = PBXFileReference; lastKnownFileType = sourcecode.swift; path = UserContext.swift; sourceTree = "<group>"; };
		8301CEB32F3D610C0067EDDC /* AgentProtocols.swift */ = {isa = PBXFileReference; lastKnownFileType = sourcecode.swift; path = AgentProtocols.swift; sourceTree = "<group>"; };
		8301CEB42F3D610C0067EDDC /* DatabaseProtocol.swift */ = {isa = PBXFileReference; lastKnownFileType = sourcecode.swift; path = DatabaseProtocol.swift; sourceTree = "<group>"; };
		8301CEB52F3D610C0067EDDC /* EngineProtocols.swift */ = {isa = PBXFileReference; lastKnownFileType = sourcecode.swift; path = EngineProtocols.swift; sourceTree = "<group>"; };
		8301CEB72F3D610C0067EDDC /* BedrockService.swift */ = {isa = PBXFileReference; lastKnownFileType = sourcecode.swift; path = BedrockService.swift; sourceTree = "<group>"; };
		8301CEB82F3D610C0067EDDC /* DatabaseService.swift */ = {isa = PBXFileReference; lastKnownFileType = sourcecode.swift; path = DatabaseService.swift; sourceTree = "<group>"; };
		8301CEB92F3D610C0067EDDC /* EventKitService.swift */ = {isa = PBXFileReference; lastKnownFileType = sourcecode.swift; path = EventKitService.swift; sourceTree = "<group>"; };
		8301CEBB2F3D610C0067EDDC /* TestBedrockService.swift */ = {isa = PBXFileReference; lastKnownFileType = sourcecode.swift; path = TestBedrockService.swift; sourceTree = "<group>"; };
		8301CEBC2F3D610C0067EDDC /* TestCorrelationEngine.swift */ = {isa = PBXFileReference; lastKnownFileType = sourcecode.swift; path = TestCorrelationEngine.swift; sourceTree = "<group>"; };
		8301CEBD2F3D610C0067EDDC /* TestDatabase.swift */ = {isa = PBXFileReference; lastKnownFileType = sourcecode.swift; path = TestDatabase.swift; sourceTree = "<group>"; };
		8301CEBE2F3D610C0067EDDC /* TestInsightEngine.swift */ = {isa = PBXFileReference; lastKnownFileType = sourcecode.swift; path = TestInsightEngine.swift; sourceTree = "<group>"; };
		8301CEC02F3D610C0067EDDC /* GoalListViewModel.swift */ = {isa = PBXFileReference; lastKnownFileType = sourcecode.swift; path = GoalListViewModel.swift; sourceTree = "<group>"; };
		8301CEC12F3D610C0067EDDC /* HabitTrackingViewModel.swift */ = {isa = PBXFileReference; lastKnownFileType = sourcecode.swift; path = HabitTrackingViewModel.swift; sourceTree = "<group>"; };
		8301CEC22F3D610C0067EDDC /* MenuBarViewModel.swift */ = {isa = PBXFileReference; lastKnownFileType = sourcecode.swift; path = MenuBarViewModel.swift; sourceTree = "<group>"; };
		8301CEC42F3D610C0067EDDC /* ContextDisplayView.swift */ = {isa = PBXFileReference; lastKnownFileType = sourcecode.swift; path = ContextDisplayView.swift; sourceTree = "<group>"; };
		8301CEC52F3D610C0067EDDC /* ConversationView.swift */ = {isa = PBXFileReference; lastKnownFileType = sourcecode.swift; path = ConversationView.swift; sourceTree = "<group>"; };
		8301CEC62F3D610C0067EDDC /* GoalListView.swift */ = {isa = PBXFileReference; lastKnownFileType = sourcecode.swift; path = GoalListView.swift; sourceTree = "<group>"; };
		8301CEC72F3D610C0067EDDC /* HabitTrackingView.swift */ = {isa = PBXFileReference; lastKnownFileType = sourcecode.swift; path = HabitTrackingView.swift; sourceTree = "<group>"; };
		8301CEC82F3D610C0067EDDC /* MenuBarView.swift */ = {isa = PBXFileReference; lastKnownFileType = sourcecode.swift; path = MenuBarView.swift; sourceTree = "<group>"; };
		8301CEC92F3D610C0067EDDC /* SettingsView.swift */ = {isa = PBXFileReference; lastKnownFileType = sourcecode.swift; path = SettingsView.swift; sourceTree = "<group>"; };
		83EB9841EB89EB476847957E /* GoalListView.swift */ = {isa = PBXFileReference; includeInIndex = 1; lastKnownFileType = sourcecode.swift; path = GoalListView.swift; sourceTree = "<group>"; };
		8C6EA8F586FFAB9F454CF3AE /* AppState.swift */ = {isa = PBXFileReference; includeInIndex = 1; lastKnownFileType = sourcecode.swift; name = AppState.swift; path = App/AppState.swift; sourceTree = "<group>"; };
		98DFE342A7A3C5D61BE70281 /* MenuBarView.swift */ = {isa = PBXFileReference; includeInIndex = 1; lastKnownFileType = sourcecode.swift; path = MenuBarView.swift; sourceTree = "<group>"; };
		9FD701DA8E12EFB34400418F /* GoalListViewModel.swift */ = {isa = PBXFileReference; includeInIndex = 1; lastKnownFileType = sourcecode.swift; path = GoalListViewModel.swift; sourceTree = "<group>"; };
		A56D80F83AB6541F1C2FE119 /* HabitTrackingView.swift */ = {isa = PBXFileReference; includeInIndex = 1; lastKnownFileType = sourcecode.swift; path = HabitTrackingView.swift; sourceTree = "<group>"; };
		A6EE5D57965CBFE7D519CEE8 /* ContextEngine.swift */ = {isa = PBXFileReference; includeInIndex = 1; lastKnownFileType = sourcecode.swift; path = ContextEngine.swift; sourceTree = "<group>"; };
		AC203CFA4DCDBC69821C0F7E /* Insight.swift */ = {isa = PBXFileReference; includeInIndex = 1; lastKnownFileType = sourcecode.swift; path = Insight.swift; sourceTree = "<group>"; };
		BE0EA5AC8210E6C479A49D7C /* AppDelegate.swift */ = {isa = PBXFileReference; includeInIndex = 1; lastKnownFileType = sourcecode.swift; name = AppDelegate.swift; path = App/AppDelegate.swift; sourceTree = "<group>"; };
		D632724F563AF77C9B02E781 /* MenuBarManager.swift */ = {isa = PBXFileReference; includeInIndex = 1; lastKnownFileType = sourcecode.swift; name = MenuBarManager.swift; path = App/MenuBarManager.swift; sourceTree = "<group>"; };
		D9A2CBE1D93DE7A525A31A98 /* MenuBarManager.swift */ = {isa = PBXFileReference; includeInIndex = 1; lastKnownFileType = sourcecode.swift; name = MenuBarManager.swift; path = App/MenuBarManager.swift; sourceTree = "<group>"; };
		DFECA6E7F6AB4B0EB02FBA1B /* FinancialRecord.swift */ = {isa = PBXFileReference; includeInIndex = 1; lastKnownFileType = sourcecode.swift; path = FinancialRecord.swift; sourceTree = "<group>"; };
		E1E77DDC6AD9071078EA766C /* User.swift */ = {isa = PBXFileReference; includeInIndex = 1; lastKnownFileType = sourcecode.swift; path = User.swift; sourceTree = "<group>"; };
		ED72D6E987F71806A04CEED4 /* PlannerAgent.swift */ = {isa = PBXFileReference; includeInIndex = 1; lastKnownFileType = sourcecode.swift; path = PlannerAgent.swift; sourceTree = "<group>"; };
		EE297DDEED701769D1273685 /* ConversationView.swift */ = {isa = PBXFileReference; includeInIndex = 1; lastKnownFileType = sourcecode.swift; path = ConversationView.swift; sourceTree = "<group>"; };
		FB688FCCC96554D2066C628D /* ContextDisplayView.swift */ = {isa = PBXFileReference; includeInIndex = 1; lastKnownFileType = sourcecode.swift; path = ContextDisplayView.swift; sourceTree = "<group>"; };
/* End PBXFileReference section */

/* Begin PBXFileSystemSynchronizedRootGroup section */
		8301CE112F3D4DC80067EDDC /* NovaLifeWeaver */ = {
			isa = PBXFileSystemSynchronizedRootGroup;
			exceptions = (
			);
			path = NovaLifeWeaver;
			sourceTree = "<group>";
		};
/* End PBXFileSystemSynchronizedRootGroup section */

/* Begin PBXFrameworksBuildPhase section */
		8301CE0C2F3D4DC80067EDDC /* Frameworks */ = {
			isa = PBXFrameworksBuildPhase;
			buildActionMask = 2147483647;
			files = (
				8301CE1F2F3D4F3B0067EDDC /* SQLite in Frameworks */,
			);
			runOnlyForDeploymentPostprocessing = 0;
		};
/* End PBXFrameworksBuildPhase section */

/* Begin PBXGroup section */
		79A3ACECF8B20695B78A9AF2 /* App */ = {
			isa = PBXGroup;
			children = (
				17E82BEE90B4415025C49D89 /* AppDelegate.swift */,
				8C6EA8F586FFAB9F454CF3AE /* AppState.swift */,
				D632724F563AF77C9B02E781 /* MenuBarManager.swift */,
				BE0EA5AC8210E6C479A49D7C /* AppDelegate.swift */,
				372DE18D82702540074E3A53 /* AppState.swift */,
				D9A2CBE1D93DE7A525A31A98 /* MenuBarManager.swift */,
			);
			name = App;
			sourceTree = "<group>";
		};
		8301CE062F3D4DC80067EDDC = {
			isa = PBXGroup;
			children = (
				8301CEA42F3D610C0067EDDC /* Agents */,
				8301CEA82F3D610C0067EDDC /* Engines */,
				8301CEB22F3D610C0067EDDC /* Models */,
				8301CEB62F3D610C0067EDDC /* Protocols */,
				8301CEBA2F3D610C0067EDDC /* Services */,
				8301CEBF2F3D610C0067EDDC /* Tests */,
				8301CEC32F3D610C0067EDDC /* ViewModels */,
				8301CECA2F3D610C0067EDDC /* Views */,
				8301CE112F3D4DC80067EDDC /* NovaLifeWeaver */,
				8301CE102F3D4DC80067EDDC /* Products */,
				79A3ACECF8B20695B78A9AF2 /* App */,
			);
			sourceTree = "<group>";
		};
		8301CE102F3D4DC80067EDDC /* Products */ = {
			isa = PBXGroup;
			children = (
				8301CE0F2F3D4DC80067EDDC /* NovaLifeWeaver.app */,
			);
			name = Products;
			sourceTree = "<group>";
		};
		8301CEA42F3D610C0067EDDC /* Agents */ = {
			isa = PBXGroup;
			children = (
				8301CEA32F3D610C0067EDDC /* PlannerAgent.swift */,
				ED72D6E987F71806A04CEED4 /* PlannerAgent.swift */,
			);
			path = Agents;
			sourceTree = "<group>";
		};
		8301CEA82F3D610C0067EDDC /* Engines */ = {
			isa = PBXGroup;
			children = (
				8301CEA52F3D610C0067EDDC /* ContextEngine.swift */,
				8301CEA62F3D610C0067EDDC /* CorrelationEngine.swift */,
				8301CEA72F3D610C0067EDDC /* InsightEngine.swift */,
				A6EE5D57965CBFE7D519CEE8 /* ContextEngine.swift */,
				3478674755437229FA12A143 /* CorrelationEngine.swift */,
				414B0ABF006DA2A6C8E704AE /* InsightEngine.swift */,
			);
			path = Engines;
			sourceTree = "<group>";
		};
		8301CEB22F3D610C0067EDDC /* Models */ = {
			isa = PBXGroup;
			children = (
				8301CEA92F3D610C0067EDDC /* Correlation.swift */,
				8301CEAA2F3D610C0067EDDC /* EmotionRecord.swift */,
				8301CEAB2F3D610C0067EDDC /* Event.swift */,
				8301CEAC2F3D610C0067EDDC /* FinancialRecord.swift */,
				8301CEAD2F3D610C0067EDDC /* Goal.swift */,
				8301CEAE2F3D610C0067EDDC /* Habit.swift */,
				8301CEAF2F3D610C0067EDDC /* Insight.swift */,
				8301CEB02F3D610C0067EDDC /* User.swift */,
				8301CEB12F3D610C0067EDDC /* UserContext.swift */,
				53DBD953A5C4A845BDAAE238 /* Correlation.swift */,
				61F2F201FA2ED8BD4AFE9C93 /* EmotionRecord.swift */,
				24CDE557441D42012805D9AD /* Event.swift */,
				DFECA6E7F6AB4B0EB02FBA1B /* FinancialRecord.swift */,
				60A71287CC08FD5D97CF97E4 /* Goal.swift */,
				0166E4A083076A597BDEB457 /* Habit.swift */,
				AC203CFA4DCDBC69821C0F7E /* Insight.swift */,
				E1E77DDC6AD9071078EA766C /* User.swift */,
				39CA48B6556A585253C29910 /* UserContext.swift */,
			);
			path = Models;
			sourceTree = "<group>";
		};
		8301CEB62F3D610C0067EDDC /* Protocols */ = {
			isa = PBXGroup;
			children = (
				8301CEB32F3D610C0067EDDC /* AgentProtocols.swift */,
				8301CEB42F3D610C0067EDDC /* DatabaseProtocol.swift */,
				8301CEB52F3D610C0067EDDC /* EngineProtocols.swift */,
				776F47A93C3CD5563796D50F /* AgentProtocols.swift */,
				71F302A8FD680DE4D2880252 /* DatabaseProtocol.swift */,
				4278EDBD68EAD4C97E28651E /* EngineProtocols.swift */,
				3DCE20475A1949E837F173ED /* UIProtocols.swift */,
			);
			path = Protocols;
			sourceTree = "<group>";
		};
		8301CEBA2F3D610C0067EDDC /* Services */ = {
			isa = PBXGroup;
			children = (
				8301CEB72F3D610C0067EDDC /* BedrockService.swift */,
				8301CEB82F3D610C0067EDDC /* DatabaseService.swift */,
				8301CEB92F3D610C0067EDDC /* EventKitService.swift */,
			);
			path = Services;
			sourceTree = "<group>";
		};
		8301CEBF2F3D610C0067EDDC /* Tests */ = {
			isa = PBXGroup;
			children = (
				8301CEBB2F3D610C0067EDDC /* TestBedrockService.swift */,
				8301CEBC2F3D610C0067EDDC /* TestCorrelationEngine.swift */,
				8301CEBD2F3D610C0067EDDC /* TestDatabase.swift */,
				8301CEBE2F3D610C0067EDDC /* TestInsightEngine.swift */,
			);
			path = Tests;
			sourceTree = "<group>";
		};
		8301CEC32F3D610C0067EDDC /* ViewModels */ = {
			isa = PBXGroup;
			children = (
				8301CEC02F3D610C0067EDDC /* GoalListViewModel.swift */,
				8301CEC12F3D610C0067EDDC /* HabitTrackingViewModel.swift */,
				8301CEC22F3D610C0067EDDC /* MenuBarViewModel.swift */,
				9FD701DA8E12EFB34400418F /* GoalListViewModel.swift */,
				612347B49AFBE6417388101E /* HabitTrackingViewModel.swift */,
				043B9ABF638B8FCD9207C890 /* MenuBarViewModel.swift */,
			);
			path = ViewModels;
			sourceTree = "<group>";
		};
		8301CECA2F3D610C0067EDDC /* Views */ = {
			isa = PBXGroup;
			children = (
				8301CEC42F3D610C0067EDDC /* ContextDisplayView.swift */,
				8301CEC52F3D610C0067EDDC /* ConversationView.swift */,
				8301CEC62F3D610C0067EDDC /* GoalListView.swift */,
				8301CEC72F3D610C0067EDDC /* HabitTrackingView.swift */,
				8301CEC82F3D610C0067EDDC /* MenuBarView.swift */,
				8301CEC92F3D610C0067EDDC /* SettingsView.swift */,
				FB688FCCC96554D2066C628D /* ContextDisplayView.swift */,
				EE297DDEED701769D1273685 /* ConversationView.swift */,
				83EB9841EB89EB476847957E /* GoalListView.swift */,
				A56D80F83AB6541F1C2FE119 /* HabitTrackingView.swift */,
				98DFE342A7A3C5D61BE70281 /* MenuBarView.swift */,
				5B6A7C897D5535218C402E96 /* SettingsView.swift */,
			);
			path = Views;
			sourceTree = "<group>";
		};
/* End PBXGroup section */

/* Begin PBXNativeTarget section */
		8301CE0E2F3D4DC80067EDDC /* NovaLifeWeaver */ = {
			isa = PBXNativeTarget;
			buildConfigurationList = 8301CE1A2F3D4DC90067EDDC /* Build configuration list for PBXNativeTarget "NovaLifeWeaver" */;
			buildPhases = (
				8301CE0B2F3D4DC80067EDDC /* Sources */,
				8301CE0C2F3D4DC80067EDDC /* Frameworks */,
				8301CE0D2F3D4DC80067EDDC /* Resources */,
			);
			buildRules = (
			);
			dependencies = (
			);
			fileSystemSynchronizedGroups = (
				8301CE112F3D4DC80067EDDC /* NovaLifeWeaver */,
			);
			name = NovaLifeWeaver;
			packageProductDependencies = (
				8301CE1E2F3D4F3B0067EDDC /* SQLite */,
			);
			productName = NovaLifeWeaver;
			productReference = 8301CE0F2F3D4DC80067EDDC /* NovaLifeWeaver.app */;
			productType = "com.apple.product-type.application";
		};
/* End PBXNativeTarget section */

/* Begin PBXProject section */
		8301CE072F3D4DC80067EDDC /* Project object */ = {
			isa = PBXProject;
			attributes = {
				BuildIndependentTargetsInParallel = 1;
				LastSwiftUpdateCheck = 2620;
				LastUpgradeCheck = 2620;
				TargetAttributes = {
					8301CE0E2F3D4DC80067EDDC = {
						CreatedOnToolsVersion = 26.2;
					};
				};
			};
			buildConfigurationList = 8301CE0A2F3D4DC80067EDDC /* Build configuration list for PBXProject "NovaLifeWeaver" */;
			developmentRegion = en;
			hasScannedForEncodings = 0;
			knownRegions = (
				en,
				Base,
			);
			mainGroup = 8301CE062F3D4DC80067EDDC;
			minimizedProjectReferenceProxies = 1;
			packageReferences = (
				8301CE1D2F3D4F3B0067EDDC /* XCRemoteSwiftPackageReference "SQLite.swift" */,
			);
			preferredProjectObjectVersion = 77;
			productRefGroup = 8301CE102F3D4DC80067EDDC /* Products */;
			projectDirPath = "";
			projectRoot = "";
			targets = (
				8301CE0E2F3D4DC80067EDDC /* NovaLifeWeaver */,
			);
		};
/* End PBXProject section */

/* Begin PBXResourcesBuildPhase section */
		8301CE0D2F3D4DC80067EDDC /* Resources */ = {
			isa = PBXResourcesBuildPhase;
			buildActionMask = 2147483647;
			files = (
			);
			runOnlyForDeploymentPostprocessing = 0;
		};
/* End PBXResourcesBuildPhase section */

/* Begin PBXSourcesBuildPhase section */
		8301CE0B2F3D4DC80067EDDC /* Sources */ = {
			isa = PBXSourcesBuildPhase;
			buildActionMask = 2147483647;
			files = (
				8301CECB2F3D610C0067EDDC /* HabitTrackingViewModel.swift in Sources */,
				8301CECC2F3D610C0067EDDC /* Insight.swift in Sources */,
				8301CECD2F3D610C0067EDDC /* Goal.swift in Sources */,
				8301CECE2F3D610C0067EDDC /* DatabaseProtocol.swift in Sources */,
				8301CECF2F3D610C0067EDDC /* CorrelationEngine.swift in Sources */,
				8301CED02F3D610C0067EDDC /* MenuBarView.swift in Sources */,
				8301CED12F3D610C0067EDDC /* BedrockService.swift in Sources */,
				8301CED22F3D610C0067EDDC /* SettingsView.swift in Sources */,
				8301CED32F3D610C0067EDDC /* ContextEngine.swift in Sources */,
				8301CED42F3D610C0067EDDC /* UserContext.swift in Sources */,
				8301CED52F3D610C0067EDDC /* Habit.swift in Sources */,
				8301CED62F3D610C0067EDDC /* MenuBarViewModel.swift in Sources */,
				8301CED72F3D610C0067EDDC /* HabitTrackingView.swift in Sources */,
				8301CED82F3D610C0067EDDC /* ContextDisplayView.swift in Sources */,
				8301CED92F3D610C0067EDDC /* ConversationView.swift in Sources */,
				8301CEDA2F3D610C0067EDDC /* TestDatabase.swift in Sources */,
				8301CEDB2F3D610C0067EDDC /* TestInsightEngine.swift in Sources */,
				8301CEDC2F3D610C0067EDDC /* InsightEngine.swift in Sources */,
				8301CEDD2F3D610C0067EDDC /* Correlation.swift in Sources */,
				8301CEDE2F3D610C0067EDDC /* AgentProtocols.swift in Sources */,
				8301CEDF2F3D610C0067EDDC /* EngineProtocols.swift in Sources */,
				8301CEE02F3D610C0067EDDC /* User.swift in Sources */,
				8301CEE12F3D610C0067EDDC /* GoalListViewModel.swift in Sources */,
				8301CEE22F3D610C0067EDDC /* DatabaseService.swift in Sources */,
				8301CEE32F3D610C0067EDDC /* TestCorrelationEngine.swift in Sources */,
				8301CEE42F3D610C0067EDDC /* TestBedrockService.swift in Sources */,
				8301CEE52F3D610C0067EDDC /* FinancialRecord.swift in Sources */,
				8301CEE62F3D610C0067EDDC /* Event.swift in Sources */,
				8301CEE72F3D610C0067EDDC /* PlannerAgent.swift in Sources */,
				8301CEE82F3D610C0067EDDC /* GoalListView.swift in Sources */,
				8301CEE92F3D610C0067EDDC /* EventKitService.swift in Sources */,
				8301CEEA2F3D610C0067EDDC /* EmotionRecord.swift in Sources */,
				12E37C2CC9A9C92A2D517294 /* AppDelegate.swift in Sources */,
				87DE7F53A7576418751A900A /* AppState.swift in Sources */,
				D0113F3B012366545C9A0CE2 /* MenuBarManager.swift in Sources */,
				E75B7D87DBBD5FD51EAE369C /* Correlation.swift in Sources */,
				0DDFB0E6DD1E0B86CD53948D /* EmotionRecord.swift in Sources */,
				813A931E9E15A9B2B3E32855 /* Event.swift in Sources */,
				B0572651E4422B02B6DF9F04 /* FinancialRecord.swift in Sources */,
				628DA6E460311C564D51A754 /* Goal.swift in Sources */,
				A381DA79D896F3176437739A /* Habit.swift in Sources */,
				2056058F064F34A63B23D415 /* Insight.swift in Sources */,
				D1BF8DA1B408E6E3A0878FE5 /* User.swift in Sources */,
				F40B7FB0678D5BD2F19DCC1A /* UserContext.swift in Sources */,
				85B5FCA6B4F07737A736CE21 /* AgentProtocols.swift in Sources */,
				C99F49455A4B8EB37F5ECF84 /* DatabaseProtocol.swift in Sources */,
				916F477DB4D83B4A0E6CADCF /* EngineProtocols.swift in Sources */,
				54F5A39F2063ACEC98984AD3 /* UIProtocols.swift in Sources */,
				2780D8968913B4E5AD7FBD43 /* AppDelegate.swift in Sources */,
				71E1CF0D8EA97D35572AC366 /* AppState.swift in Sources */,
				397A1D95C9157E4BA0888398 /* MenuBarManager.swift in Sources */,
				E8659CDB14A271D1327988EE /* ContextEngine.swift in Sources */,
				711A88083A458CF7E70A0509 /* CorrelationEngine.swift in Sources */,
				7809D4048C99B0BECBE6111E /* InsightEngine.swift in Sources */,
				A41B7C0A9C6022DBBB47D184 /* PlannerAgent.swift in Sources */,
				9A0849878DAAE4D5105645F8 /* ContextDisplayView.swift in Sources */,
				1CF5D6117546682C831072A8 /* ConversationView.swift in Sources */,
				0E8936448AB072F1890B3233 /* GoalListView.swift in Sources */,
				A68DF79B212E54B1CC2BC4DA /* HabitTrackingView.swift in Sources */,
				1F6655F318031AAC12D8CBCC /* MenuBarView.swift in Sources */,
				80435CEABEDC5FD12221F5B5 /* SettingsView.swift in Sources */,
				C4930FE53A3495C7012084B0 /* GoalListViewModel.swift in Sources */,
				70173D67597CA4DBC46EBC43 /* HabitTrackingViewModel.swift in Sources */,
				2031F61A18A0E6D41C75F9C8 /* MenuBarViewModel.swift in Sources */,
			);
			runOnlyForDeploymentPostprocessing = 0;
		};
/* End PBXSourcesBuildPhase section */

/* Begin XCBuildConfiguration section */
		8301CE182F3D4DC90067EDDC /* Debug */ = {
			isa = XCBuildConfiguration;
			buildSettings = {
				ALWAYS_SEARCH_USER_PATHS = NO;
				ASSETCATALOG_COMPILER_GENERATE_SWIFT_ASSET_SYMBOL_EXTENSIONS = YES;
				CLANG_ANALYZER_NONNULL = YES;
				CLANG_ANALYZER_NUMBER_OBJECT_CONVERSION = YES_AGGRESSIVE;
				CLANG_CXX_LANGUAGE_STANDARD = "gnu++20";
				CLANG_ENABLE_MODULES = YES;
				CLANG_ENABLE_OBJC_ARC = YES;
				CLANG_ENABLE_OBJC_WEAK = YES;
				CLANG_WARN_BLOCK_CAPTURE_AUTORELEASING = YES;
				CLANG_WARN_BOOL_CONVERSION = YES;
				CLANG_WARN_COMMA = YES;
				CLANG_WARN_CONSTANT_CONVERSION = YES;
				CLANG_WARN_DEPRECATED_OBJC_IMPLEMENTATIONS = YES;
				CLANG_WARN_DIRECT_OBJC_ISA_USAGE = YES_ERROR;
				CLANG_WARN_DOCUMENTATION_COMMENTS = YES;
				CLANG_WARN_EMPTY_BODY = YES;
				CLANG_WARN_ENUM_CONVERSION = YES;
				CLANG_WARN_INFINITE_RECURSION = YES;
				CLANG_WARN_INT_CONVERSION = YES;
				CLANG_WARN_NON_LITERAL_NULL_CONVERSION = YES;
				CLANG_WARN_OBJC_IMPLICIT_RETAIN_SELF = YES;
				CLANG_WARN_OBJC_LITERAL_CONVERSION = YES;
				CLANG_WARN_OBJC_ROOT_CLASS = YES_ERROR;
				CLANG_WARN_QUOTED_INCLUDE_IN_FRAMEWORK_HEADER = YES;
				CLANG_WARN_RANGE_LOOP_ANALYSIS = YES;
				CLANG_WARN_STRICT_PROTOTYPES = YES;
				CLANG_WARN_SUSPICIOUS_MOVE = YES;
				CLANG_WARN_UNGUARDED_AVAILABILITY = YES_AGGRESSIVE;
				CLANG_WARN_UNREACHABLE_CODE = YES;
				CLANG_WARN__DUPLICATE_METHOD_MATCH = YES;
				COPY_PHASE_STRIP = NO;
				DEBUG_INFORMATION_FORMAT = dwarf;
				DEVELOPMENT_TEAM = 3FE3289N6X;
				ENABLE_STRICT_OBJC_MSGSEND = YES;
				ENABLE_TESTABILITY = YES;
				ENABLE_USER_SCRIPT_SANDBOXING = YES;
				GCC_C_LANGUAGE_STANDARD = gnu17;
				GCC_DYNAMIC_NO_PIC = NO;
				GCC_NO_COMMON_BLOCKS = YES;
				GCC_OPTIMIZATION_LEVEL = 0;
				GCC_PREPROCESSOR_DEFINITIONS = (
					"DEBUG=1",
					"$(inherited)",
				);
				GCC_WARN_64_TO_32_BIT_CONVERSION = YES;
				GCC_WARN_ABOUT_RETURN_TYPE = YES_ERROR;
				GCC_WARN_UNDECLARED_SELECTOR = YES;
				GCC_WARN_UNINITIALIZED_AUTOS = YES_AGGRESSIVE;
				GCC_WARN_UNUSED_FUNCTION = YES;
				GCC_WARN_UNUSED_VARIABLE = YES;
				LOCALIZATION_PREFERS_STRING_CATALOGS = YES;
				MACOSX_DEPLOYMENT_TARGET = 26.2;
				MTL_ENABLE_DEBUG_INFO = INCLUDE_SOURCE;
				MTL_FAST_MATH = YES;
				ONLY_ACTIVE_ARCH = YES;
				SDKROOT = macosx;
				SWIFT_ACTIVE_COMPILATION_CONDITIONS = "DEBUG $(inherited)";
				SWIFT_OPTIMIZATION_LEVEL = "-Onone";
			};
			name = Debug;
		};
		8301CE192F3D4DC90067EDDC /* Release */ = {
			isa = XCBuildConfiguration;
			buildSettings = {
				ALWAYS_SEARCH_USER_PATHS = NO;
				ASSETCATALOG_COMPILER_GENERATE_SWIFT_ASSET_SYMBOL_EXTENSIONS = YES;
				CLANG_ANALYZER_NONNULL = YES;
				CLANG_ANALYZER_NUMBER_OBJECT_CONVERSION = YES_AGGRESSIVE;
				CLANG_CXX_LANGUAGE_STANDARD = "gnu++20";
				CLANG_ENABLE_MODULES = YES;
				CLANG_ENABLE_OBJC_ARC = YES;
				CLANG_ENABLE_OBJC_WEAK = YES;
				CLANG_WARN_BLOCK_CAPTURE_AUTORELEASING = YES;
				CLANG_WARN_BOOL_CONVERSION = YES;
				CLANG_WARN_COMMA = YES;
				CLANG_WARN_CONSTANT_CONVERSION = YES;
				CLANG_WARN_DEPRECATED_OBJC_IMPLEMENTATIONS = YES;
				CLANG_WARN_DIRECT_OBJC_ISA_USAGE = YES_ERROR;
				CLANG_WARN_DOCUMENTATION_COMMENTS = YES;
				CLANG_WARN_EMPTY_BODY = YES;
				CLANG_WARN_ENUM_CONVERSION = YES;
				CLANG_WARN_INFINITE_RECURSION = YES;
				CLANG_WARN_INT_CONVERSION = YES;
				CLANG_WARN_NON_LITERAL_NULL_CONVERSION = YES;
				CLANG_WARN_OBJC_IMPLICIT_RETAIN_SELF = YES;
				CLANG_WARN_OBJC_LITERAL_CONVERSION = YES;
				CLANG_WARN_OBJC_ROOT_CLASS = YES_ERROR;
				CLANG_WARN_QUOTED_INCLUDE_IN_FRAMEWORK_HEADER = YES;
				CLANG_WARN_RANGE_LOOP_ANALYSIS = YES;
				CLANG_WARN_STRICT_PROTOTYPES = YES;
				CLANG_WARN_SUSPICIOUS_MOVE = YES;
				CLANG_WARN_UNGUARDED_AVAILABILITY = YES_AGGRESSIVE;
				CLANG_WARN_UNREACHABLE_CODE = YES;
				CLANG_WARN__DUPLICATE_METHOD_MATCH = YES;
				COPY_PHASE_STRIP = NO;
				DEBUG_INFORMATION_FORMAT = "dwarf-with-dsym";
				DEVELOPMENT_TEAM = 3FE3289N6X;
				ENABLE_NS_ASSERTIONS = NO;
				ENABLE_STRICT_OBJC_MSGSEND = YES;
				ENABLE_USER_SCRIPT_SANDBOXING = YES;
				GCC_C_LANGUAGE_STANDARD = gnu17;
				GCC_NO_COMMON_BLOCKS = YES;
				GCC_WARN_64_TO_32_BIT_CONVERSION = YES;
				GCC_WARN_ABOUT_RETURN_TYPE = YES_ERROR;
				GCC_WARN_UNDECLARED_SELECTOR = YES;
				GCC_WARN_UNINITIALIZED_AUTOS = YES_AGGRESSIVE;
				GCC_WARN_UNUSED_FUNCTION = YES;
				GCC_WARN_UNUSED_VARIABLE = YES;
				LOCALIZATION_PREFERS_STRING_CATALOGS = YES;
				MACOSX_DEPLOYMENT_TARGET = 26.2;
				MTL_ENABLE_DEBUG_INFO = NO;
				MTL_FAST_MATH = YES;
				SDKROOT = macosx;
				SWIFT_COMPILATION_MODE = wholemodule;
			};
			name = Release;
		};
		8301CE1B2F3D4DC90067EDDC /* Debug */ = {
			isa = XCBuildConfiguration;
			buildSettings = {
				ASSETCATALOG_COMPILER_APPICON_NAME = AppIcon;
				ASSETCATALOG_COMPILER_GLOBAL_ACCENT_COLOR_NAME = AccentColor;
				CODE_SIGN_STYLE = Automatic;
				COMBINE_HIDPI_IMAGES = YES;
				CURRENT_PROJECT_VERSION = 1;
				DEVELOPMENT_TEAM = 3FE3289N6X;
				ENABLE_APP_SANDBOX = YES;
				ENABLE_HARDENED_RUNTIME = YES;
				ENABLE_PREVIEWS = YES;
				ENABLE_USER_SELECTED_FILES = readonly;
				GENERATE_INFOPLIST_FILE = YES;
				INFOPLIST_KEY_NSHumanReadableCopyright = "";
				LD_RUNPATH_SEARCH_PATHS = (
					"$(inherited)",
					"@executable_path/../Frameworks",
				);
				MARKETING_VERSION = 1.0;
				PRODUCT_BUNDLE_IDENTIFIER = "Li-Hongmin.NovaLifeWeaver";
				PRODUCT_NAME = "$(TARGET_NAME)";
				REGISTER_APP_GROUPS = YES;
				STRING_CATALOG_GENERATE_SYMBOLS = YES;
				SWIFT_APPROACHABLE_CONCURRENCY = YES;
				SWIFT_DEFAULT_ACTOR_ISOLATION = MainActor;
				SWIFT_EMIT_LOC_STRINGS = YES;
				SWIFT_UPCOMING_FEATURE_MEMBER_IMPORT_VISIBILITY = YES;
				SWIFT_VERSION = 5.0;
			};
			name = Debug;
		};
		8301CE1C2F3D4DC90067EDDC /* Release */ = {
			isa = XCBuildConfiguration;
			buildSettings = {
				ASSETCATALOG_COMPILER_APPICON_NAME = AppIcon;
				ASSETCATALOG_COMPILER_GLOBAL_ACCENT_COLOR_NAME = AccentColor;
				CODE_SIGN_STYLE = Automatic;
				COMBINE_HIDPI_IMAGES = YES;
				CURRENT_PROJECT_VERSION = 1;
				DEVELOPMENT_TEAM = 3FE3289N6X;
				ENABLE_APP_SANDBOX = YES;
				ENABLE_HARDENED_RUNTIME = YES;
				ENABLE_PREVIEWS = YES;
				ENABLE_USER_SELECTED_FILES = readonly;
				GENERATE_INFOPLIST_FILE = YES;
				INFOPLIST_KEY_NSHumanReadableCopyright = "";
				LD_RUNPATH_SEARCH_PATHS = (
					"$(inherited)",
					"@executable_path/../Frameworks",
				);
				MARKETING_VERSION = 1.0;
				PRODUCT_BUNDLE_IDENTIFIER = "Li-Hongmin.NovaLifeWeaver";
				PRODUCT_NAME = "$(TARGET_NAME)";
				REGISTER_APP_GROUPS = YES;
				STRING_CATALOG_GENERATE_SYMBOLS = YES;
				SWIFT_APPROACHABLE_CONCURRENCY = YES;
				SWIFT_DEFAULT_ACTOR_ISOLATION = MainActor;
				SWIFT_EMIT_LOC_STRINGS = YES;
				SWIFT_UPCOMING_FEATURE_MEMBER_IMPORT_VISIBILITY = YES;
				SWIFT_VERSION = 5.0;
			};
			name = Release;
		};
/* End XCBuildConfiguration section */

/* Begin XCConfigurationList section */
		8301CE0A2F3D4DC80067EDDC /* Build configuration list for PBXProject "NovaLifeWeaver" */ = {
			isa = XCConfigurationList;
			buildConfigurations = (
				8301CE182F3D4DC90067EDDC /* Debug */,
				8301CE192F3D4DC90067EDDC /* Release */,
			);
			defaultConfigurationIsVisible = 0;
			defaultConfigurationName = Release;
		};
		8301CE1A2F3D4DC90067EDDC /* Build configuration list for PBXNativeTarget "NovaLifeWeaver" */ = {
			isa = XCConfigurationList;
			buildConfigurations = (
				8301CE1B2F3D4DC90067EDDC /* Debug */,
				8301CE1C2F3D4DC90067EDDC /* Release */,
			);
			defaultConfigurationIsVisible = 0;
			defaultConfigurationName = Release;
		};
/* End XCConfigurationList section */

/* Begin XCRemoteSwiftPackageReference section */
		8301CE1D2F3D4F3B0067EDDC /* XCRemoteSwiftPackageReference "SQLite.swift" */ = {
			isa = XCRemoteSwiftPackageReference;
			repositoryURL = "https://github.com/stephencelis/SQLite.swift";
			requirement = {
				kind = upToNextMajorVersion;
				minimumVersion = 0.15.5;
			};
		};
/* End XCRemoteSwiftPackageReference section */

/* Begin XCSwiftPackageProductDependency section */
		8301CE1E2F3D4F3B0067EDDC /* SQLite */ = {
			isa = XCSwiftPackageProductDependency;
			package = 8301CE1D2F3D4F3B0067EDDC /* XCRemoteSwiftPackageReference "SQLite.swift" */;
			productName = SQLite;
		};
/* End XCSwiftPackageProductDependency section */
	};
	rootObject = 8301CE072F3D4DC80067EDDC /* Project object */;
}
